{
  "object": {
    "pins": [
      {
        "package": "AgoraRtcKit",
        "repositoryURL": "https://github.com/AgoraIO/AgoraRtcEngine_iOS",
        "state": {
          "branch": null,
          "revision": "d1ca4444db15fb9ff53bbe999396af70f0fc2a82",
          "version": "3.7.2"
        }
      },
      {
        "package": "Lottie",
        "repositoryURL": "https://github.com/airbnb/lottie-spm",
        "state": {
          "branch": null,
          "revision": "60ea4f82fba8b4cb21a75665a889e86ed4d81c6e",
          "version": "4.2.0"
        }
      },
      {
        "package": "SDK-CorePackage-SPM",
        "repositoryURL": "https://github.com/facephi-clienters/SDK-CorePackage-SPM.git",
        "state": {
          "branch": null,
          "revision": "9b7bacaa2c5c31f18bf51055b3b8dbaaa18626a9",
          "version": "1.4.2"
        }
      },
      {
        "package": "SDK-LicenseCheckerPackage-SPM",
        "repositoryURL": "https://github.com/facephi-clienters/SDK-LicenseCheckerPackage-SPM.git",
        "state": {
          "branch": null,
          "revision": "9ce6ca948f3ecb6d07f6e047f6a547b595f58aa0",
          "version": "1.3.1"
        }
      },
      {
        "package": "Starscream",
        "repositoryURL": "https://github.com/daltoniam/Starscream.git",
        "state": {
          "branch": null,
          "revision": "df8d82047f6654d8e4b655d1b1525c64e1059d21",
          "version": "4.0.4"
        }
      }
    ]
  },
  "version": 1
}
