{
  "object": {
    "pins": [
      {
        "package": "AgoraRtcKit",
        "repositoryURL": "https://github.com/AgoraIO/AgoraRtcEngine_iOS",
        "state": {
          "branch": null,
          "revision": "d1ca4444db15fb9ff53bbe999396af70f0fc2a82",
          "version": "3.7.2"
        }
      },
      {
        "package": "SDK-CorePackage-SPM",
        "repositoryURL": "https://github.com/facephi-clienters/SDK-CorePackage-SPM.git",
        "state": {
          "branch": null,
          "revision": "bc2c72de3bfc732a69b4dee11ed459c8f47e4390",
          "version": "1.0.36"
        }
      },
      {
        "package": "SDK-LicenseCheckerPackage-SPM",
        "repositoryURL": "https://github.com/facephi-clienters/SDK-LicenseCheckerPackage-SPM.git",
        "state": {
          "branch": null,
          "revision": "610fa172c8715b0dd059734e2e1e07f50e81a179",
          "version": "1.0.5"
        }
      },
      {
        "package": "Starscream",
        "repositoryURL": "https://github.com/daltoniam/Starscream.git",
        "state": {
          "branch": null,
          "revision": "df8d82047f6654d8e4b655d1b1525c64e1059d21",
          "version": "4.0.4"
        }
      }
    ]
  },
  "version": 1
}
